
Microsoft Visual Studio Solution File, Format Version 12.00
# Visual Studio 15
VisualStudioVersion = 15.0.28307.705
MinimumVisualStudioVersion = 10.0.40219.1
Project("{FAE04EC0-301F-11D3-BF4B-00C04F79EFBC}") = "CSharp_Console", "CSharp_Console\CSharp_Console.csproj", "{71032B95-5260-46D2-874D-2A388C3537D0}"
EndProject
Project("{FAE04EC0-301F-11D3-BF4B-00C04F79EFBC}") = "Winform", "Winform\Winform.csproj", "{54F6A956-748B-4638-B844-C3B821B5DAAC}"
EndProject
Project("{FAE04EC0-301F-11D3-BF4B-00C04F79EFBC}") = "CSharp_WPF", "CSharp_WPF\CSharp_WPF.csproj", "{1B0DF566-5696-4149-A923-2E094AC4F869}"
EndProject
Global
	GlobalSection(SolutionConfigurationPlatforms) = preSolution
		Debug|Any CPU = Debug|Any CPU
		Release|Any CPU = Release|Any CPU
	EndGlobalSection
	GlobalSection(ProjectConfigurationPlatforms) = postSolution
		{71032B95-5260-46D2-874D-2A388C3537D0}.Debug|Any CPU.ActiveCfg = Debug|Any CPU
		{71032B95-5260-46D2-874D-2A388C3537D0}.Debug|Any CPU.Build.0 = Debug|Any CPU
		{71032B95-5260-46D2-874D-2A388C3537D0}.Release|Any CPU.ActiveCfg = Release|Any CPU
		{71032B95-5260-46D2-874D-2A388C3537D0}.Release|Any CPU.Build.0 = Release|Any CPU
		{54F6A956-748B-4638-B844-C3B821B5DAAC}.Debug|Any CPU.ActiveCfg = Debug|Any CPU
		{54F6A956-748B-4638-B844-C3B821B5DAAC}.Debug|Any CPU.Build.0 = Debug|Any CPU
		{54F6A956-748B-4638-B844-C3B821B5DAAC}.Release|Any CPU.ActiveCfg = Release|Any CPU
		{54F6A956-748B-4638-B844-C3B821B5DAAC}.Release|Any CPU.Build.0 = Release|Any CPU
		{1B0DF566-5696-4149-A923-2E094AC4F869}.Debug|Any CPU.ActiveCfg = Debug|Any CPU
		{1B0DF566-5696-4149-A923-2E094AC4F869}.Debug|Any CPU.Build.0 = Debug|Any CPU
		{1B0DF566-5696-4149-A923-2E094AC4F869}.Release|Any CPU.ActiveCfg = Release|Any CPU
		{1B0DF566-5696-4149-A923-2E094AC4F869}.Release|Any CPU.Build.0 = Release|Any CPU
	EndGlobalSection
	GlobalSection(SolutionProperties) = preSolution
		HideSolutionNode = FALSE
	EndGlobalSection
	GlobalSection(ExtensibilityGlobals) = postSolution
		SolutionGuid = {24F6D50B-0B8C-475C-9CE0-8D07E9E4E715}
	EndGlobalSection
EndGlobal
